
Microsoft Visual Studio Solution File, Format Version 12.00
# Visual Studio Version 17
VisualStudioVersion = 17.4.33205.214
MinimumVisualStudioVersion = 10.0.40219.1
Project("{FAE04EC0-301F-11D3-BF4B-00C04F79EFBC}") = "Berat_Übungen", "Berat_Übungen\Berat_Übungen.csproj", "{7B53155A-1C4C-4F42-B250-5E92E918AB96}"
EndProject
Project("{FAE04EC0-301F-11D3-BF4B-00C04F79EFBC}") = "NewCode", "NewCode\NewCode.csproj", "{A21685A5-42BF-43FE-9C14-B87A56758029}"
EndProject
Global
	GlobalSection(SolutionConfigurationPlatforms) = preSolution
		Debug|Any CPU = Debug|Any CPU
		Release|Any CPU = Release|Any CPU
	EndGlobalSection
	GlobalSection(ProjectConfigurationPlatforms) = postSolution
		{7B53155A-1C4C-4F42-B250-5E92E918AB96}.Debug|Any CPU.ActiveCfg = Debug|Any CPU
		{7B53155A-1C4C-4F42-B250-5E92E918AB96}.Debug|Any CPU.Build.0 = Debug|Any CPU
		{7B53155A-1C4C-4F42-B250-5E92E918AB96}.Release|Any CPU.ActiveCfg = Release|Any CPU
		{7B53155A-1C4C-4F42-B250-5E92E918AB96}.Release|Any CPU.Build.0 = Release|Any CPU
		{A21685A5-42BF-43FE-9C14-B87A56758029}.Debug|Any CPU.ActiveCfg = Debug|Any CPU
		{A21685A5-42BF-43FE-9C14-B87A56758029}.Debug|Any CPU.Build.0 = Debug|Any CPU
		{A21685A5-42BF-43FE-9C14-B87A56758029}.Release|Any CPU.ActiveCfg = Release|Any CPU
		{A21685A5-42BF-43FE-9C14-B87A56758029}.Release|Any CPU.Build.0 = Release|Any CPU
	EndGlobalSection
	GlobalSection(SolutionProperties) = preSolution
		HideSolutionNode = FALSE
	EndGlobalSection
	GlobalSection(ExtensibilityGlobals) = postSolution
		SolutionGuid = {8C356B81-FB7B-4471-AACE-41D5798307C5}
	EndGlobalSection
EndGlobal
